
Microsoft Visual Studio Solution File, Format Version 12.00
# Visual Studio 2013
VisualStudioVersion = 12.0.21005.1
MinimumVisualStudioVersion = 10.0.40219.1
Project("{2150E333-8FDC-42A3-9474-1A3956D46DE8}") = "Common", "Common", "{4AB03B05-70E5-406F-B050-77FB49DB521A}"
EndProject
Project("{2150E333-8FDC-42A3-9474-1A3956D46DE8}") = "Service", "Service", "{3B4EC836-F495-4D74-AB0C-68707AD1C27B}"
EndProject
Project("{2150E333-8FDC-42A3-9474-1A3956D46DE8}") = "View", "View", "{6DC780E0-300C-4649-8785-622C11E297A0}"
EndProject
Project("{2150E333-8FDC-42A3-9474-1A3956D46DE8}") = "DB", "DB", "{2B87D1D8-BC31-46EA-83A1-993F530C4B51}"
EndProject
Project("{FAE04EC0-301F-11D3-BF4B-00C04F79EFBC}") = "TLZ.OldSite.Service.Windows.Monitor.Winform", "TLZ.OldSite.Service.Windows.Monitor.Winform\TLZ.OldSite.Service.Windows.Monitor.Winform.csproj", "{E3647589-06A0-403F-9AEA-C813EE9F0065}"
EndProject
Project("{FAE04EC0-301F-11D3-BF4B-00C04F79EFBC}") = "TLZ.OldSite.Service.Windows.Monitor.Host", "TLZ.OldSite.Service.Windows.Monitor.Host\TLZ.OldSite.Service.Windows.Monitor.Host.csproj", "{DA53197D-AB28-4372-8114-8877FD1BFDF3}"
EndProject
Project("{FAE04EC0-301F-11D3-BF4B-00C04F79EFBC}") = "TLZ.OldSite.DB.MongoDB.Model", "TLZ.OldSite.DB.MongoDB.Model\TLZ.OldSite.DB.MongoDB.Model.csproj", "{C1C8A20E-AABC-4EBD-9F02-8BB72E51E483}"
EndProject
Project("{FAE04EC0-301F-11D3-BF4B-00C04F79EFBC}") = "TLZ.OldSite.DB.MongoDB.DAL", "TLZ.OldSite.DB.MongoDB.DAL\TLZ.OldSite.DB.MongoDB.DAL.csproj", "{9C1D9096-0231-4BC0-8981-A79CDEC3030F}"
EndProject
Project("{FAE04EC0-301F-11D3-BF4B-00C04F79EFBC}") = "TLZ.OldSite.DB.MongoDB.BIZ", "TLZ.OldSite.DB.MongoDB.BIZ\TLZ.OldSite.DB.MongoDB.BIZ.csproj", "{E96FD49A-854A-4F79-A431-B0FDF1759962}"
EndProject
Project("{FAE04EC0-301F-11D3-BF4B-00C04F79EFBC}") = "TLZ.MongoDB", "TLZ.MongoDB\TLZ.MongoDB.csproj", "{AE6A683F-1B56-445A-86DE-4B2E30ADC397}"
EndProject
Project("{FAE04EC0-301F-11D3-BF4B-00C04F79EFBC}") = "TLZ.Dlls", "TLZ.Dlls\TLZ.Dlls.csproj", "{00DE0EBE-26B9-48CF-B58F-30E78547E635}"
EndProject
Project("{FAE04EC0-301F-11D3-BF4B-00C04F79EFBC}") = "TLZ.Helper", "TLZ.Helper\TLZ.Helper.csproj", "{A03B78B2-7D7A-40EF-8F15-0C1DCCD8854B}"
EndProject
Project("{FAE04EC0-301F-11D3-BF4B-00C04F79EFBC}") = "TLZ.JSON", "TLZ.JSON\TLZ.JSON.csproj", "{BADA7D7E-2BB5-4A21-8484-A1A74C789343}"
EndProject
Project("{FAE04EC0-301F-11D3-BF4B-00C04F79EFBC}") = "TLZ.Logger", "TLZ.Logger\TLZ.Logger.csproj", "{B121D612-BA32-4F37-AE3A-BEF9DC9C45EB}"
EndProject
Project("{FAE04EC0-301F-11D3-BF4B-00C04F79EFBC}") = "TLZ.OldSite.WebSite.Admin", "TLZ.OldSite.WebSite.Admin\TLZ.OldSite.WebSite.Admin.csproj", "{4821D2C6-55E7-4C34-85E0-A821EF8FA3C6}"
EndProject
Project("{FAE04EC0-301F-11D3-BF4B-00C04F79EFBC}") = "TLZ.OldSite.Service.Windows.Monitor.Service", "TLZ.OldSite.Service.Windows.Monitor.Service\TLZ.OldSite.Service.Windows.Monitor.Service.csproj", "{69AE947F-5D42-4FC8-ABE7-419C3527A0EF}"
EndProject
Project("{FAE04EC0-301F-11D3-BF4B-00C04F79EFBC}") = "TLZ.OldSite.Service.Windows.Monitor.SyetemPingService", "TLZ.OldSite.Service.Windows.Monitor.SyetemPingService\TLZ.OldSite.Service.Windows.Monitor.SyetemPingService.csproj", "{C49FAE2E-9B39-47D6-93CF-1A7DB663D2D5}"
EndProject
Project("{FAE04EC0-301F-11D3-BF4B-00C04F79EFBC}") = "TLZ.OldSite.Service.Windows.Monitor.Host.ConsoleApplication", "TLZ.OldSite.Service.Windows.Monitor.Host.ConsoleApplication\TLZ.OldSite.Service.Windows.Monitor.Host.ConsoleApplication.csproj", "{75CA5D0F-58C9-46EA-B9AB-E7A0D46C1C31}"
EndProject
Global
	GlobalSection(TeamFoundationVersionControl) = preSolution
		SccNumberOfProjects = 15
		SccEnterpriseProvider = {4CA58AB2-18FA-4F8D-95D4-32DDF27D184C}
		SccTeamFoundationServer = http://192.168.0.182:8080/tfs/service
		SccLocalPath0 = .
		SccProjectUniqueName1 = TLZ.OldSite.DB.MongoDB.BIZ\\TLZ.OldSite.DB.MongoDB.BIZ.csproj
		SccProjectTopLevelParentUniqueName1 = TLZ.OldSite.Service.Windows.Monitor.sln
		SccProjectName1 = TLZ.OldSite.DB.MongoDB.BIZ
		SccLocalPath1 = TLZ.OldSite.DB.MongoDB.BIZ
		SccProjectUniqueName2 = TLZ.OldSite.DB.MongoDB.DAL\\TLZ.OldSite.DB.MongoDB.DAL.csproj
		SccProjectTopLevelParentUniqueName2 = TLZ.OldSite.Service.Windows.Monitor.sln
		SccProjectName2 = TLZ.OldSite.DB.MongoDB.DAL
		SccLocalPath2 = TLZ.OldSite.DB.MongoDB.DAL
		SccProjectUniqueName3 = TLZ.OldSite.DB.MongoDB.Model\\TLZ.OldSite.DB.MongoDB.Model.csproj
		SccProjectTopLevelParentUniqueName3 = TLZ.OldSite.Service.Windows.Monitor.sln
		SccProjectName3 = TLZ.OldSite.DB.MongoDB.Model
		SccLocalPath3 = TLZ.OldSite.DB.MongoDB.Model
		SccProjectUniqueName4 = TLZ.OldSite.Service.Windows.Monitor.Winform\\TLZ.OldSite.Service.Windows.Monitor.Winform.csproj
		SccProjectTopLevelParentUniqueName4 = TLZ.OldSite.Service.Windows.Monitor.sln
		SccProjectName4 = TLZ.OldSite.Service.Windows.Monitor.Winform
		SccLocalPath4 = TLZ.OldSite.Service.Windows.Monitor.Winform
		SccProjectUniqueName5 = TLZ.MongoDB\\TLZ.MongoDB.csproj
		SccProjectTopLevelParentUniqueName5 = TLZ.OldSite.Service.Windows.Monitor.sln
		SccProjectName5 = TLZ.MongoDB
		SccLocalPath5 = TLZ.MongoDB
		SccProjectUniqueName6 = TLZ.Dlls\\TLZ.Dlls.csproj
		SccProjectTopLevelParentUniqueName6 = TLZ.OldSite.Service.Windows.Monitor.sln
		SccProjectName6 = TLZ.Dlls
		SccLocalPath6 = TLZ.Dlls
		SccProjectUniqueName7 = TLZ.Helper\\TLZ.Helper.csproj
		SccProjectTopLevelParentUniqueName7 = TLZ.OldSite.Service.Windows.Monitor.sln
		SccProjectName7 = TLZ.Helper
		SccLocalPath7 = TLZ.Helper
		SccProjectUniqueName8 = TLZ.JSON\\TLZ.JSON.csproj
		SccProjectTopLevelParentUniqueName8 = TLZ.OldSite.Service.Windows.Monitor.sln
		SccProjectName8 = TLZ.JSON
		SccLocalPath8 = TLZ.JSON
		SccProjectUniqueName9 = TLZ.Logger\\TLZ.Logger.csproj
		SccProjectTopLevelParentUniqueName9 = TLZ.OldSite.Service.Windows.Monitor.sln
		SccProjectName9 = TLZ.Logger
		SccLocalPath9 = TLZ.Logger
		SccProjectUniqueName10 = TLZ.OldSite.WebSite.Admin\\TLZ.OldSite.WebSite.Admin.csproj
		SccProjectTopLevelParentUniqueName10 = TLZ.OldSite.Service.Windows.Monitor.sln
		SccProjectName10 = TLZ.OldSite.WebSite.Admin
		SccLocalPath10 = TLZ.OldSite.WebSite.Admin
		SccProjectUniqueName11 = TLZ.OldSite.Service.Windows.Monitor.Service\\TLZ.OldSite.Service.Windows.Monitor.Service.csproj
		SccProjectTopLevelParentUniqueName11 = TLZ.OldSite.Service.Windows.Monitor.sln
		SccProjectName11 = TLZ.OldSite.Service.Windows.Monitor.Service
		SccLocalPath11 = TLZ.OldSite.Service.Windows.Monitor.Service
		SccProjectUniqueName12 = TLZ.OldSite.Service.Windows.Monitor.Host\\TLZ.OldSite.Service.Windows.Monitor.Host.csproj
		SccProjectTopLevelParentUniqueName12 = TLZ.OldSite.Service.Windows.Monitor.sln
		SccProjectName12 = TLZ.OldSite.Service.Windows.Monitor.Host
		SccLocalPath12 = TLZ.OldSite.Service.Windows.Monitor.Host
		SccProjectUniqueName13 = TLZ.OldSite.Service.Windows.Monitor.SyetemPingService\\TLZ.OldSite.Service.Windows.Monitor.SyetemPingService.csproj
		SccProjectTopLevelParentUniqueName13 = TLZ.OldSite.Service.Windows.Monitor.sln
		SccProjectName13 = TLZ.OldSite.Service.Windows.Monitor.SyetemPingService
		SccLocalPath13 = TLZ.OldSite.Service.Windows.Monitor.SyetemPingService
		SccProjectUniqueName14 = TLZ.OldSite.Service.Windows.Monitor.Host.ConsoleApplication\\TLZ.OldSite.Service.Windows.Monitor.Host.ConsoleApplication.csproj
		SccProjectTopLevelParentUniqueName14 = TLZ.OldSite.Service.Windows.Monitor.sln
		SccProjectName14 = TLZ.OldSite.Service.Windows.Monitor.Host.ConsoleApplication
		SccLocalPath14 = TLZ.OldSite.Service.Windows.Monitor.Host.ConsoleApplication
	EndGlobalSection
	GlobalSection(SolutionConfigurationPlatforms) = preSolution
		Debug|Any CPU = Debug|Any CPU
		Debug|x64 = Debug|x64
		Release x64|Any CPU = Release x64|Any CPU
		Release x64|x64 = Release x64|x64
		Release|Any CPU = Release|Any CPU
		Release|x64 = Release|x64
		Release64|Any CPU = Release64|Any CPU
		Release64|x64 = Release64|x64
	EndGlobalSection
	GlobalSection(ProjectConfigurationPlatforms) = postSolution
		{E3647589-06A0-403F-9AEA-C813EE9F0065}.Debug|Any CPU.ActiveCfg = Debug|Any CPU
		{E3647589-06A0-403F-9AEA-C813EE9F0065}.Debug|Any CPU.Build.0 = Debug|Any CPU
		{E3647589-06A0-403F-9AEA-C813EE9F0065}.Debug|x64.ActiveCfg = Debug|Any CPU
		{E3647589-06A0-403F-9AEA-C813EE9F0065}.Release x64|Any CPU.ActiveCfg = Release|Any CPU
		{E3647589-06A0-403F-9AEA-C813EE9F0065}.Release x64|Any CPU.Build.0 = Release|Any CPU
		{E3647589-06A0-403F-9AEA-C813EE9F0065}.Release x64|x64.ActiveCfg = Release|Any CPU
		{E3647589-06A0-403F-9AEA-C813EE9F0065}.Release|Any CPU.ActiveCfg = Release|Any CPU
		{E3647589-06A0-403F-9AEA-C813EE9F0065}.Release|Any CPU.Build.0 = Release|Any CPU
		{E3647589-06A0-403F-9AEA-C813EE9F0065}.Release|x64.ActiveCfg = Release|Any CPU
		{E3647589-06A0-403F-9AEA-C813EE9F0065}.Release64|Any CPU.ActiveCfg = Release|Any CPU
		{E3647589-06A0-403F-9AEA-C813EE9F0065}.Release64|Any CPU.Build.0 = Release|Any CPU
		{E3647589-06A0-403F-9AEA-C813EE9F0065}.Release64|x64.ActiveCfg = Release|Any CPU
		{DA53197D-AB28-4372-8114-8877FD1BFDF3}.Debug|Any CPU.ActiveCfg = Debug|Any CPU
		{DA53197D-AB28-4372-8114-8877FD1BFDF3}.Debug|Any CPU.Build.0 = Debug|Any CPU
		{DA53197D-AB28-4372-8114-8877FD1BFDF3}.Debug|x64.ActiveCfg = Debug|Any CPU
		{DA53197D-AB28-4372-8114-8877FD1BFDF3}.Release x64|Any CPU.ActiveCfg = Release|Any CPU
		{DA53197D-AB28-4372-8114-8877FD1BFDF3}.Release x64|Any CPU.Build.0 = Release|Any CPU
		{DA53197D-AB28-4372-8114-8877FD1BFDF3}.Release x64|x64.ActiveCfg = Release|Any CPU
		{DA53197D-AB28-4372-8114-8877FD1BFDF3}.Release|Any CPU.ActiveCfg = Release|Any CPU
		{DA53197D-AB28-4372-8114-8877FD1BFDF3}.Release|Any CPU.Build.0 = Release|Any CPU
		{DA53197D-AB28-4372-8114-8877FD1BFDF3}.Release|x64.ActiveCfg = Release|Any CPU
		{DA53197D-AB28-4372-8114-8877FD1BFDF3}.Release64|Any CPU.ActiveCfg = Release|Any CPU
		{DA53197D-AB28-4372-8114-8877FD1BFDF3}.Release64|Any CPU.Build.0 = Release|Any CPU
		{DA53197D-AB28-4372-8114-8877FD1BFDF3}.Release64|x64.ActiveCfg = Release|Any CPU
		{C1C8A20E-AABC-4EBD-9F02-8BB72E51E483}.Debug|Any CPU.ActiveCfg = Debug|Any CPU
		{C1C8A20E-AABC-4EBD-9F02-8BB72E51E483}.Debug|Any CPU.Build.0 = Debug|Any CPU
		{C1C8A20E-AABC-4EBD-9F02-8BB72E51E483}.Debug|x64.ActiveCfg = Debug|Any CPU
		{C1C8A20E-AABC-4EBD-9F02-8BB72E51E483}.Release x64|Any CPU.ActiveCfg = Release|Any CPU
		{C1C8A20E-AABC-4EBD-9F02-8BB72E51E483}.Release x64|Any CPU.Build.0 = Release|Any CPU
		{C1C8A20E-AABC-4EBD-9F02-8BB72E51E483}.Release x64|x64.ActiveCfg = Release|Any CPU
		{C1C8A20E-AABC-4EBD-9F02-8BB72E51E483}.Release|Any CPU.ActiveCfg = Release|Any CPU
		{C1C8A20E-AABC-4EBD-9F02-8BB72E51E483}.Release|Any CPU.Build.0 = Release|Any CPU
		{C1C8A20E-AABC-4EBD-9F02-8BB72E51E483}.Release|x64.ActiveCfg = Release|Any CPU
		{C1C8A20E-AABC-4EBD-9F02-8BB72E51E483}.Release64|Any CPU.ActiveCfg = Release|Any CPU
		{C1C8A20E-AABC-4EBD-9F02-8BB72E51E483}.Release64|Any CPU.Build.0 = Release|Any CPU
		{C1C8A20E-AABC-4EBD-9F02-8BB72E51E483}.Release64|x64.ActiveCfg = Release|Any CPU
		{9C1D9096-0231-4BC0-8981-A79CDEC3030F}.Debug|Any CPU.ActiveCfg = Debug|Any CPU
		{9C1D9096-0231-4BC0-8981-A79CDEC3030F}.Debug|Any CPU.Build.0 = Debug|Any CPU
		{9C1D9096-0231-4BC0-8981-A79CDEC3030F}.Debug|x64.ActiveCfg = Debug|Any CPU
		{9C1D9096-0231-4BC0-8981-A79CDEC3030F}.Release x64|Any CPU.ActiveCfg = Release|Any CPU
		{9C1D9096-0231-4BC0-8981-A79CDEC3030F}.Release x64|Any CPU.Build.0 = Release|Any CPU
		{9C1D9096-0231-4BC0-8981-A79CDEC3030F}.Release x64|x64.ActiveCfg = Release|Any CPU
		{9C1D9096-0231-4BC0-8981-A79CDEC3030F}.Release|Any CPU.ActiveCfg = Release|Any CPU
		{9C1D9096-0231-4BC0-8981-A79CDEC3030F}.Release|Any CPU.Build.0 = Release|Any CPU
		{9C1D9096-0231-4BC0-8981-A79CDEC3030F}.Release|x64.ActiveCfg = Release|Any CPU
		{9C1D9096-0231-4BC0-8981-A79CDEC3030F}.Release64|Any CPU.ActiveCfg = Release|Any CPU
		{9C1D9096-0231-4BC0-8981-A79CDEC3030F}.Release64|Any CPU.Build.0 = Release|Any CPU
		{9C1D9096-0231-4BC0-8981-A79CDEC3030F}.Release64|x64.ActiveCfg = Release|Any CPU
		{E96FD49A-854A-4F79-A431-B0FDF1759962}.Debug|Any CPU.ActiveCfg = Debug|Any CPU
		{E96FD49A-854A-4F79-A431-B0FDF1759962}.Debug|Any CPU.Build.0 = Debug|Any CPU
		{E96FD49A-854A-4F79-A431-B0FDF1759962}.Debug|x64.ActiveCfg = Debug|Any CPU
		{E96FD49A-854A-4F79-A431-B0FDF1759962}.Release x64|Any CPU.ActiveCfg = Release|Any CPU
		{E96FD49A-854A-4F79-A431-B0FDF1759962}.Release x64|Any CPU.Build.0 = Release|Any CPU
		{E96FD49A-854A-4F79-A431-B0FDF1759962}.Release x64|x64.ActiveCfg = Release|Any CPU
		{E96FD49A-854A-4F79-A431-B0FDF1759962}.Release|Any CPU.ActiveCfg = Release|Any CPU
		{E96FD49A-854A-4F79-A431-B0FDF1759962}.Release|Any CPU.Build.0 = Release|Any CPU
		{E96FD49A-854A-4F79-A431-B0FDF1759962}.Release|x64.ActiveCfg = Release|Any CPU
		{E96FD49A-854A-4F79-A431-B0FDF1759962}.Release64|Any CPU.ActiveCfg = Release|Any CPU
		{E96FD49A-854A-4F79-A431-B0FDF1759962}.Release64|Any CPU.Build.0 = Release|Any CPU
		{E96FD49A-854A-4F79-A431-B0FDF1759962}.Release64|x64.ActiveCfg = Release|Any CPU
		{AE6A683F-1B56-445A-86DE-4B2E30ADC397}.Debug|Any CPU.ActiveCfg = Debug|Any CPU
		{AE6A683F-1B56-445A-86DE-4B2E30ADC397}.Debug|Any CPU.Build.0 = Debug|Any CPU
		{AE6A683F-1B56-445A-86DE-4B2E30ADC397}.Debug|x64.ActiveCfg = Debug|Any CPU
		{AE6A683F-1B56-445A-86DE-4B2E30ADC397}.Release x64|Any CPU.ActiveCfg = Release|Any CPU
		{AE6A683F-1B56-445A-86DE-4B2E30ADC397}.Release x64|Any CPU.Build.0 = Release|Any CPU
		{AE6A683F-1B56-445A-86DE-4B2E30ADC397}.Release x64|x64.ActiveCfg = Release|Any CPU
		{AE6A683F-1B56-445A-86DE-4B2E30ADC397}.Release|Any CPU.ActiveCfg = Release|Any CPU
		{AE6A683F-1B56-445A-86DE-4B2E30ADC397}.Release|Any CPU.Build.0 = Release|Any CPU
		{AE6A683F-1B56-445A-86DE-4B2E30ADC397}.Release|x64.ActiveCfg = Release|Any CPU
		{AE6A683F-1B56-445A-86DE-4B2E30ADC397}.Release64|Any CPU.ActiveCfg = Release|Any CPU
		{AE6A683F-1B56-445A-86DE-4B2E30ADC397}.Release64|Any CPU.Build.0 = Release|Any CPU
		{AE6A683F-1B56-445A-86DE-4B2E30ADC397}.Release64|x64.ActiveCfg = Release|Any CPU
		{00DE0EBE-26B9-48CF-B58F-30E78547E635}.Debug|Any CPU.ActiveCfg = Debug|Any CPU
		{00DE0EBE-26B9-48CF-B58F-30E78547E635}.Debug|Any CPU.Build.0 = Debug|Any CPU
		{00DE0EBE-26B9-48CF-B58F-30E78547E635}.Debug|x64.ActiveCfg = Debug|Any CPU
		{00DE0EBE-26B9-48CF-B58F-30E78547E635}.Release x64|Any CPU.ActiveCfg = Release|Any CPU
		{00DE0EBE-26B9-48CF-B58F-30E78547E635}.Release x64|Any CPU.Build.0 = Release|Any CPU
		{00DE0EBE-26B9-48CF-B58F-30E78547E635}.Release x64|x64.ActiveCfg = Release|Any CPU
		{00DE0EBE-26B9-48CF-B58F-30E78547E635}.Release|Any CPU.ActiveCfg = Release|Any CPU
		{00DE0EBE-26B9-48CF-B58F-30E78547E635}.Release|Any CPU.Build.0 = Release|Any CPU
		{00DE0EBE-26B9-48CF-B58F-30E78547E635}.Release|x64.ActiveCfg = Release|Any CPU
		{00DE0EBE-26B9-48CF-B58F-30E78547E635}.Release64|Any CPU.ActiveCfg = Release|Any CPU
		{00DE0EBE-26B9-48CF-B58F-30E78547E635}.Release64|Any CPU.Build.0 = Release|Any CPU
		{00DE0EBE-26B9-48CF-B58F-30E78547E635}.Release64|x64.ActiveCfg = Release|Any CPU
		{A03B78B2-7D7A-40EF-8F15-0C1DCCD8854B}.Debug|Any CPU.ActiveCfg = Debug|Any CPU
		{A03B78B2-7D7A-40EF-8F15-0C1DCCD8854B}.Debug|Any CPU.Build.0 = Debug|Any CPU
		{A03B78B2-7D7A-40EF-8F15-0C1DCCD8854B}.Debug|x64.ActiveCfg = Debug|Any CPU
		{A03B78B2-7D7A-40EF-8F15-0C1DCCD8854B}.Release x64|Any CPU.ActiveCfg = Release|Any CPU
		{A03B78B2-7D7A-40EF-8F15-0C1DCCD8854B}.Release x64|Any CPU.Build.0 = Release|Any CPU
		{A03B78B2-7D7A-40EF-8F15-0C1DCCD8854B}.Release x64|x64.ActiveCfg = Release|Any CPU
		{A03B78B2-7D7A-40EF-8F15-0C1DCCD8854B}.Release|Any CPU.ActiveCfg = Release|Any CPU
		{A03B78B2-7D7A-40EF-8F15-0C1DCCD8854B}.Release|Any CPU.Build.0 = Release|Any CPU
		{A03B78B2-7D7A-40EF-8F15-0C1DCCD8854B}.Release|x64.ActiveCfg = Release|Any CPU
		{A03B78B2-7D7A-40EF-8F15-0C1DCCD8854B}.Release64|Any CPU.ActiveCfg = Release|Any CPU
		{A03B78B2-7D7A-40EF-8F15-0C1DCCD8854B}.Release64|Any CPU.Build.0 = Release|Any CPU
		{A03B78B2-7D7A-40EF-8F15-0C1DCCD8854B}.Release64|x64.ActiveCfg = Release|Any CPU
		{BADA7D7E-2BB5-4A21-8484-A1A74C789343}.Debug|Any CPU.ActiveCfg = Debug|Any CPU
		{BADA7D7E-2BB5-4A21-8484-A1A74C789343}.Debug|Any CPU.Build.0 = Debug|Any CPU
		{BADA7D7E-2BB5-4A21-8484-A1A74C789343}.Debug|x64.ActiveCfg = Debug|Any CPU
		{BADA7D7E-2BB5-4A21-8484-A1A74C789343}.Release x64|Any CPU.ActiveCfg = Release|Any CPU
		{BADA7D7E-2BB5-4A21-8484-A1A74C789343}.Release x64|Any CPU.Build.0 = Release|Any CPU
		{BADA7D7E-2BB5-4A21-8484-A1A74C789343}.Release x64|x64.ActiveCfg = Release|Any CPU
		{BADA7D7E-2BB5-4A21-8484-A1A74C789343}.Release|Any CPU.ActiveCfg = Release|Any CPU
		{BADA7D7E-2BB5-4A21-8484-A1A74C789343}.Release|Any CPU.Build.0 = Release|Any CPU
		{BADA7D7E-2BB5-4A21-8484-A1A74C789343}.Release|x64.ActiveCfg = Release|Any CPU
		{BADA7D7E-2BB5-4A21-8484-A1A74C789343}.Release64|Any CPU.ActiveCfg = Release|Any CPU
		{BADA7D7E-2BB5-4A21-8484-A1A74C789343}.Release64|Any CPU.Build.0 = Release|Any CPU
		{BADA7D7E-2BB5-4A21-8484-A1A74C789343}.Release64|x64.ActiveCfg = Release|Any CPU
		{B121D612-BA32-4F37-AE3A-BEF9DC9C45EB}.Debug|Any CPU.ActiveCfg = Debug|Any CPU
		{B121D612-BA32-4F37-AE3A-BEF9DC9C45EB}.Debug|Any CPU.Build.0 = Debug|Any CPU
		{B121D612-BA32-4F37-AE3A-BEF9DC9C45EB}.Debug|x64.ActiveCfg = Debug|Any CPU
		{B121D612-BA32-4F37-AE3A-BEF9DC9C45EB}.Release x64|Any CPU.ActiveCfg = Release|Any CPU
		{B121D612-BA32-4F37-AE3A-BEF9DC9C45EB}.Release x64|Any CPU.Build.0 = Release|Any CPU
		{B121D612-BA32-4F37-AE3A-BEF9DC9C45EB}.Release x64|x64.ActiveCfg = Release|Any CPU
		{B121D612-BA32-4F37-AE3A-BEF9DC9C45EB}.Release|Any CPU.ActiveCfg = Release|Any CPU
		{B121D612-BA32-4F37-AE3A-BEF9DC9C45EB}.Release|Any CPU.Build.0 = Release|Any CPU
		{B121D612-BA32-4F37-AE3A-BEF9DC9C45EB}.Release|x64.ActiveCfg = Release|Any CPU
		{B121D612-BA32-4F37-AE3A-BEF9DC9C45EB}.Release64|Any CPU.ActiveCfg = Release|Any CPU
		{B121D612-BA32-4F37-AE3A-BEF9DC9C45EB}.Release64|Any CPU.Build.0 = Release|Any CPU
		{B121D612-BA32-4F37-AE3A-BEF9DC9C45EB}.Release64|x64.ActiveCfg = Release|Any CPU
		{4821D2C6-55E7-4C34-85E0-A821EF8FA3C6}.Debug|Any CPU.ActiveCfg = Debug|Any CPU
		{4821D2C6-55E7-4C34-85E0-A821EF8FA3C6}.Debug|Any CPU.Build.0 = Debug|Any CPU
		{4821D2C6-55E7-4C34-85E0-A821EF8FA3C6}.Debug|x64.ActiveCfg = Debug|Any CPU
		{4821D2C6-55E7-4C34-85E0-A821EF8FA3C6}.Release x64|Any CPU.ActiveCfg = Release|Any CPU
		{4821D2C6-55E7-4C34-85E0-A821EF8FA3C6}.Release x64|Any CPU.Build.0 = Release|Any CPU
		{4821D2C6-55E7-4C34-85E0-A821EF8FA3C6}.Release x64|x64.ActiveCfg = Release|Any CPU
		{4821D2C6-55E7-4C34-85E0-A821EF8FA3C6}.Release|Any CPU.ActiveCfg = Release|Any CPU
		{4821D2C6-55E7-4C34-85E0-A821EF8FA3C6}.Release|Any CPU.Build.0 = Release|Any CPU
		{4821D2C6-55E7-4C34-85E0-A821EF8FA3C6}.Release|x64.ActiveCfg = Release|Any CPU
		{4821D2C6-55E7-4C34-85E0-A821EF8FA3C6}.Release64|Any CPU.ActiveCfg = Release|Any CPU
		{4821D2C6-55E7-4C34-85E0-A821EF8FA3C6}.Release64|Any CPU.Build.0 = Release|Any CPU
		{4821D2C6-55E7-4C34-85E0-A821EF8FA3C6}.Release64|x64.ActiveCfg = Release|Any CPU
		{69AE947F-5D42-4FC8-ABE7-419C3527A0EF}.Debug|Any CPU.ActiveCfg = Debug|Any CPU
		{69AE947F-5D42-4FC8-ABE7-419C3527A0EF}.Debug|Any CPU.Build.0 = Debug|Any CPU
		{69AE947F-5D42-4FC8-ABE7-419C3527A0EF}.Debug|x64.ActiveCfg = Debug|Any CPU
		{69AE947F-5D42-4FC8-ABE7-419C3527A0EF}.Release x64|Any CPU.ActiveCfg = Release|Any CPU
		{69AE947F-5D42-4FC8-ABE7-419C3527A0EF}.Release x64|Any CPU.Build.0 = Release|Any CPU
		{69AE947F-5D42-4FC8-ABE7-419C3527A0EF}.Release x64|x64.ActiveCfg = Release|Any CPU
		{69AE947F-5D42-4FC8-ABE7-419C3527A0EF}.Release|Any CPU.ActiveCfg = Release|Any CPU
		{69AE947F-5D42-4FC8-ABE7-419C3527A0EF}.Release|Any CPU.Build.0 = Release|Any CPU
		{69AE947F-5D42-4FC8-ABE7-419C3527A0EF}.Release|x64.ActiveCfg = Release|Any CPU
		{69AE947F-5D42-4FC8-ABE7-419C3527A0EF}.Release64|Any CPU.ActiveCfg = Release|Any CPU
		{69AE947F-5D42-4FC8-ABE7-419C3527A0EF}.Release64|Any CPU.Build.0 = Release|Any CPU
		{69AE947F-5D42-4FC8-ABE7-419C3527A0EF}.Release64|x64.ActiveCfg = Release|Any CPU
		{C49FAE2E-9B39-47D6-93CF-1A7DB663D2D5}.Debug|Any CPU.ActiveCfg = Debug|Any CPU
		{C49FAE2E-9B39-47D6-93CF-1A7DB663D2D5}.Debug|Any CPU.Build.0 = Debug|Any CPU
		{C49FAE2E-9B39-47D6-93CF-1A7DB663D2D5}.Debug|x64.ActiveCfg = Debug|Any CPU
		{C49FAE2E-9B39-47D6-93CF-1A7DB663D2D5}.Release x64|Any CPU.ActiveCfg = Release|Any CPU
		{C49FAE2E-9B39-47D6-93CF-1A7DB663D2D5}.Release x64|Any CPU.Build.0 = Release|Any CPU
		{C49FAE2E-9B39-47D6-93CF-1A7DB663D2D5}.Release x64|x64.ActiveCfg = Release|Any CPU
		{C49FAE2E-9B39-47D6-93CF-1A7DB663D2D5}.Release|Any CPU.ActiveCfg = Release|Any CPU
		{C49FAE2E-9B39-47D6-93CF-1A7DB663D2D5}.Release|Any CPU.Build.0 = Release|Any CPU
		{C49FAE2E-9B39-47D6-93CF-1A7DB663D2D5}.Release|x64.ActiveCfg = Release|Any CPU
		{C49FAE2E-9B39-47D6-93CF-1A7DB663D2D5}.Release64|Any CPU.ActiveCfg = Release|Any CPU
		{C49FAE2E-9B39-47D6-93CF-1A7DB663D2D5}.Release64|Any CPU.Build.0 = Release|Any CPU
		{C49FAE2E-9B39-47D6-93CF-1A7DB663D2D5}.Release64|x64.ActiveCfg = Release|Any CPU
		{75CA5D0F-58C9-46EA-B9AB-E7A0D46C1C31}.Debug|Any CPU.ActiveCfg = Debug|Any CPU
		{75CA5D0F-58C9-46EA-B9AB-E7A0D46C1C31}.Debug|Any CPU.Build.0 = Debug|Any CPU
		{75CA5D0F-58C9-46EA-B9AB-E7A0D46C1C31}.Debug|x64.ActiveCfg = Debug|Any CPU
		{75CA5D0F-58C9-46EA-B9AB-E7A0D46C1C31}.Release x64|Any CPU.ActiveCfg = Release|Any CPU
		{75CA5D0F-58C9-46EA-B9AB-E7A0D46C1C31}.Release x64|Any CPU.Build.0 = Release|Any CPU
		{75CA5D0F-58C9-46EA-B9AB-E7A0D46C1C31}.Release x64|x64.ActiveCfg = Release|Any CPU
		{75CA5D0F-58C9-46EA-B9AB-E7A0D46C1C31}.Release|Any CPU.ActiveCfg = Release|Any CPU
		{75CA5D0F-58C9-46EA-B9AB-E7A0D46C1C31}.Release|Any CPU.Build.0 = Release|Any CPU
		{75CA5D0F-58C9-46EA-B9AB-E7A0D46C1C31}.Release|x64.ActiveCfg = Release|Any CPU
		{75CA5D0F-58C9-46EA-B9AB-E7A0D46C1C31}.Release64|Any CPU.ActiveCfg = Release|Any CPU
		{75CA5D0F-58C9-46EA-B9AB-E7A0D46C1C31}.Release64|Any CPU.Build.0 = Release|Any CPU
		{75CA5D0F-58C9-46EA-B9AB-E7A0D46C1C31}.Release64|x64.ActiveCfg = Release|Any CPU
	EndGlobalSection
	GlobalSection(SolutionProperties) = preSolution
		HideSolutionNode = FALSE
	EndGlobalSection
	GlobalSection(NestedProjects) = preSolution
		{AE6A683F-1B56-445A-86DE-4B2E30ADC397} = {4AB03B05-70E5-406F-B050-77FB49DB521A}
		{00DE0EBE-26B9-48CF-B58F-30E78547E635} = {4AB03B05-70E5-406F-B050-77FB49DB521A}
		{A03B78B2-7D7A-40EF-8F15-0C1DCCD8854B} = {4AB03B05-70E5-406F-B050-77FB49DB521A}
		{BADA7D7E-2BB5-4A21-8484-A1A74C789343} = {4AB03B05-70E5-406F-B050-77FB49DB521A}
		{B121D612-BA32-4F37-AE3A-BEF9DC9C45EB} = {4AB03B05-70E5-406F-B050-77FB49DB521A}
		{E3647589-06A0-403F-9AEA-C813EE9F0065} = {3B4EC836-F495-4D74-AB0C-68707AD1C27B}
		{DA53197D-AB28-4372-8114-8877FD1BFDF3} = {3B4EC836-F495-4D74-AB0C-68707AD1C27B}
		{69AE947F-5D42-4FC8-ABE7-419C3527A0EF} = {3B4EC836-F495-4D74-AB0C-68707AD1C27B}
		{C49FAE2E-9B39-47D6-93CF-1A7DB663D2D5} = {3B4EC836-F495-4D74-AB0C-68707AD1C27B}
		{75CA5D0F-58C9-46EA-B9AB-E7A0D46C1C31} = {3B4EC836-F495-4D74-AB0C-68707AD1C27B}
		{4821D2C6-55E7-4C34-85E0-A821EF8FA3C6} = {6DC780E0-300C-4649-8785-622C11E297A0}
		{C1C8A20E-AABC-4EBD-9F02-8BB72E51E483} = {2B87D1D8-BC31-46EA-83A1-993F530C4B51}
		{9C1D9096-0231-4BC0-8981-A79CDEC3030F} = {2B87D1D8-BC31-46EA-83A1-993F530C4B51}
		{E96FD49A-854A-4F79-A431-B0FDF1759962} = {2B87D1D8-BC31-46EA-83A1-993F530C4B51}
	EndGlobalSection
EndGlobal
